# This file was autogenerated by Stack.
# You should not edit this file by hand.
# For more information, please see the documentation at:
#   https://docs.haskellstack.org/en/stable/lock_files

packages:
- completed:
    hackage: tidal-1.7.7@sha256:d965d264328f265bca0bde19b5173a8a7f84fc485baf69b37ce9d47fe7e2a74f,4017
    pantry-tree:
      size: 3225
      sha256: ed067c8ab2b66a508b87054401807d98ab0b92e0d1bfcbc0966fe29b272e8264
  original:
    hackage: tidal-1.7.7@sha256:d965d264328f265bca0bde19b5173a8a7f84fc485baf69b37ce9d47fe7e2a74f,4017
snapshots:
- completed:
    size: 563103
    url: https://raw.githubusercontent.com/commercialhaskell/stackage-snapshots/master/lts/17/4.yaml
    sha256: f11e2153044f5f71ea7b1c9398f4721f517c9bd37642ed769647b896564021f3
  original:
    url: https://raw.githubusercontent.com/commercialhaskell/stackage-snapshots/master/lts/17/4.yaml
